
Microsoft Visual Studio Solution File, Format Version 12.00
# Visual Studio Version 17
VisualStudioVersion = 17.13.35931.197
MinimumVisualStudioVersion = 10.0.40219.1
Project("{FAE04EC0-301F-11D3-BF4B-00C04F79EFBC}") = "AutoZapret", "AutoZapret.csproj", "{DCC4B20A-1100-44DF-AE4D-620B07F1FD85}"
EndProject
Global
	GlobalSection(SolutionConfigurationPlatforms) = preSolution
		Debug|Any CPU = Debug|Any CPU
		Release|Any CPU = Release|Any CPU
	EndGlobalSection
	GlobalSection(ProjectConfigurationPlatforms) = postSolution
		{DCC4B20A-1100-44DF-AE4D-620B07F1FD85}.Debug|Any CPU.ActiveCfg = Debug|Any CPU
		{DCC4B20A-1100-44DF-AE4D-620B07F1FD85}.Debug|Any CPU.Build.0 = Debug|Any CPU
		{DCC4B20A-1100-44DF-AE4D-620B07F1FD85}.Release|Any CPU.ActiveCfg = Release|Any CPU
		{DCC4B20A-1100-44DF-AE4D-620B07F1FD85}.Release|Any CPU.Build.0 = Release|Any CPU
	EndGlobalSection
	GlobalSection(SolutionProperties) = preSolution
		HideSolutionNode = FALSE
	EndGlobalSection
	GlobalSection(ExtensibilityGlobals) = postSolution
		SolutionGuid = {32F3139E-59CA-4335-83D6-81C0E3730428}
	EndGlobalSection
EndGlobal
